lockfileVersion: '6.0'

settings:
  autoInstallPeers: true
  excludeLinksFromLockfile: false

dependencies:
  '@prisma/client':
    specifier: 5.7.0
    version: 5.7.0(prisma@5.7.0)
  axios:
    specifier: ^1.6.2
    version: 1.6.2
  bullmq:
    specifier: ^4.15.4
    version: 4.15.4
  cheerio:
    specifier: 1.0.0-rc.12
    version: 1.0.0-rc.12
  chrono-node:
    specifier: ^2.7.3
    version: 2.7.3
  discord.js:
    specifier: ^14.14.1
    version: 14.14.1
  dotenv:
    specifier: ^16.3.1
    version: 16.3.1

devDependencies:
  '@biomejs/biome':
    specifier: 1.4.1
    version: 1.4.1
  '@types/node':
    specifier: ^20.10.4
    version: 20.10.4
  prisma:
    specifier: ^5.7.0
    version: 5.7.0
  ts-node:
    specifier: ^10.9.2
    version: 10.9.2(@types/node@20.10.4)(typescript@5.3.3)
  ts-node-dev:
    specifier: ^2.0.0
    version: 2.0.0(@types/node@20.10.4)(typescript@5.3.3)
  tsc-alias:
    specifier: ^1.8.8
    version: 1.8.8
  tsconfig-paths:
    specifier: ^4.2.0
    version: 4.2.0
  typescript:
    specifier: ^5.3.3
    version: 5.3.3

packages:

  /@biomejs/biome@1.4.1:
    resolution: {integrity: sha512-JccVAwPbhi37pdxbAGmaOBjUTKEwEjWAhl7rKkVVuXHo4MLASXJ5HR8BTgrImi4/7rTBsGz1tgVD1Kwv1CHGRg==}
    engines: {node: '>=14.*'}
    hasBin: true
    requiresBuild: true
    optionalDependencies:
      '@biomejs/cli-darwin-arm64': 1.4.1
      '@biomejs/cli-darwin-x64': 1.4.1
      '@biomejs/cli-linux-arm64': 1.4.1
      '@biomejs/cli-linux-x64': 1.4.1
      '@biomejs/cli-win32-arm64': 1.4.1
      '@biomejs/cli-win32-x64': 1.4.1
    dev: true

  /@biomejs/cli-darwin-arm64@1.4.1:
    resolution: {integrity: sha512-PZWy2Idndqux38p6AXSDQM2ldRAWi32bvb7bMbTN0ALzpWYMYnxd71ornatumSSJYoNhKmxzDLq+jct7nZJ79w==}
    engines: {node: '>=14.*'}
    cpu: [arm64]
    os: [darwin]
    requiresBuild: true
    dev: true
    optional: true

  /@biomejs/cli-darwin-x64@1.4.1:
    resolution: {integrity: sha512-soj3BWhnsM1M2JlzR09cibUzG1owJqetwj/Oo7yg0foijo9lNH9XWXZfJBYDKgW/6Fomn+CC2EcUS+hisQzt9g==}
    engines: {node: '>=14.*'}
    cpu: [x64]
    os: [darwin]
    requiresBuild: true
    dev: true
    optional: true

  /@biomejs/cli-linux-arm64@1.4.1:
    resolution: {integrity: sha512-YIZqfJUg4F+fPsBTXxgD7EU2E5OAYbmYSl/snf4PevwfQCWE/omOFZv+NnIQmjYj9I7ParDgcJvanoA3/kO0JQ==}
    engines: {node: '>=14.*'}
    cpu: [arm64]
    os: [linux]
    requiresBuild: true
    dev: true
    optional: true

  /@biomejs/cli-linux-x64@1.4.1:
    resolution: {integrity: sha512-9YOZw3qBd/KUj63A6Hn2zZgzGb2nbESM0qNmeMXgmqinVKM//uc4OgY5TuKITuGjMSvcVxxd4dX1IzYjV9qvNQ==}
    engines: {node: '>=14.*'}
    cpu: [x64]
    os: [linux]
    requiresBuild: true
    dev: true
    optional: true

  /@biomejs/cli-win32-arm64@1.4.1:
    resolution: {integrity: sha512-nWQbvkNKxYn/kCQ0yVF8kCaS3VzaGvtFSmItXiMknU4521LDjJ7tNWH12Gol+pIslrCbd4E1LhJa0a3ThRsBVg==}
    engines: {node: '>=14.*'}
    cpu: [arm64]
    os: [win32]
    requiresBuild: true
    dev: true
    optional: true

  /@biomejs/cli-win32-x64@1.4.1:
    resolution: {integrity: sha512-88fR2CQxQ4YLs2BUDuywWYQpUKgU3A3sTezANFc/4LGKQFFLV2yX+F7QAdZVkMHfA+RD9Xg178HomM/6mnTNPA==}
    engines: {node: '>=14.*'}
    cpu: [x64]
    os: [win32]
    requiresBuild: true
    dev: true
    optional: true

  /@cspotcode/source-map-support@0.8.1:
    resolution: {integrity: sha512-IchNf6dN4tHoMFIn/7OE8LWZ19Y6q/67Bmf6vnGREv8RSbBVb9LPJxEcnwrcwX6ixSvaiGoomAUvu4YSxXrVgw==}
    engines: {node: '>=12'}
    dependencies:
      '@jridgewell/trace-mapping': 0.3.9
    dev: true

  /@discordjs/builders@1.7.0:
    resolution: {integrity: sha512-GDtbKMkg433cOZur8Dv6c25EHxduNIBsxeHrsRoIM8+AwmEZ8r0tEpckx/sHwTLwQPOF3e2JWloZh9ofCaMfAw==}
    engines: {node: '>=16.11.0'}
    dependencies:
      '@discordjs/formatters': 0.3.3
      '@discordjs/util': 1.0.2
      '@sapphire/shapeshift': 3.9.4
      discord-api-types: 0.37.61
      fast-deep-equal: 3.1.3
      ts-mixer: 6.0.3
      tslib: 2.6.2
    dev: false

  /@discordjs/collection@1.5.3:
    resolution: {integrity: sha512-SVb428OMd3WO1paV3rm6tSjM4wC+Kecaa1EUGX7vc6/fddvw/6lg90z4QtCqm21zvVe92vMMDt9+DkIvjXImQQ==}
    engines: {node: '>=16.11.0'}
    dev: false

  /@discordjs/collection@2.0.0:
    resolution: {integrity: sha512-YTWIXLrf5FsrLMycpMM9Q6vnZoR/lN2AWX23/Cuo8uOOtS8eHB2dyQaaGnaF8aZPYnttf2bkLMcXn/j6JUOi3w==}
    engines: {node: '>=18'}
    dev: false

  /@discordjs/formatters@0.3.3:
    resolution: {integrity: sha512-wTcI1Q5cps1eSGhl6+6AzzZkBBlVrBdc9IUhJbijRgVjCNIIIZPgqnUj3ntFODsHrdbGU8BEG9XmDQmgEEYn3w==}
    engines: {node: '>=16.11.0'}
    dependencies:
      discord-api-types: 0.37.61
    dev: false

  /@discordjs/rest@2.2.0:
    resolution: {integrity: sha512-nXm9wT8oqrYFRMEqTXQx9DUTeEtXUDMmnUKIhZn6O2EeDY9VCdwj23XCPq7fkqMPKdF7ldAfeVKyxxFdbZl59A==}
    engines: {node: '>=16.11.0'}
    dependencies:
      '@discordjs/collection': 2.0.0
      '@discordjs/util': 1.0.2
      '@sapphire/async-queue': 1.5.1
      '@sapphire/snowflake': 3.5.1
      '@vladfrangu/async_event_emitter': 2.2.4
      discord-api-types: 0.37.61
      magic-bytes.js: 1.7.0
      tslib: 2.6.2
      undici: 5.27.2
    dev: false

  /@discordjs/util@1.0.2:
    resolution: {integrity: sha512-IRNbimrmfb75GMNEjyznqM1tkI7HrZOf14njX7tCAAUetyZM1Pr8hX/EK2lxBCOgWDRmigbp24fD1hdMfQK5lw==}
    engines: {node: '>=16.11.0'}
    dev: false

  /@discordjs/ws@1.0.2:
    resolution: {integrity: sha512-+XI82Rm2hKnFwAySXEep4A7Kfoowt6weO6381jgW+wVdTpMS/56qCvoXyFRY0slcv7c/U8My2PwIB2/wEaAh7Q==}
    engines: {node: '>=16.11.0'}
    dependencies:
      '@discordjs/collection': 2.0.0
      '@discordjs/rest': 2.2.0
      '@discordjs/util': 1.0.2
      '@sapphire/async-queue': 1.5.1
      '@types/ws': 8.5.9
      '@vladfrangu/async_event_emitter': 2.2.4
      discord-api-types: 0.37.61
      tslib: 2.6.2
      ws: 8.14.2
    transitivePeerDependencies:
      - bufferutil
      - utf-8-validate
    dev: false

  /@fastify/busboy@2.1.0:
    resolution: {integrity: sha512-+KpH+QxZU7O4675t3mnkQKcZZg56u+K/Ct2K+N2AZYNVK8kyeo/bI18tI8aPm3tvNNRyTWfj6s5tnGNlcbQRsA==}
    engines: {node: '>=14'}
    dev: false

  /@ioredis/commands@1.2.0:
    resolution: {integrity: sha512-Sx1pU8EM64o2BrqNpEO1CNLtKQwyhuXuqyfH7oGKCk+1a33d2r5saW8zNwm3j6BTExtjrv2BxTgzzkMwts6vGg==}
    dev: false

  /@jridgewell/resolve-uri@3.1.1:
    resolution: {integrity: sha512-dSYZh7HhCDtCKm4QakX0xFpsRDqjjtZf/kjI/v3T3Nwt5r8/qz/M19F9ySyOqU94SXBmeG9ttTul+YnR4LOxFA==}
    engines: {node: '>=6.0.0'}
    dev: true

  /@jridgewell/sourcemap-codec@1.4.15:
    resolution: {integrity: sha512-eF2rxCRulEKXHTRiDrDy6erMYWqNw4LPdQ8UQA4huuxaQsVeRPFl2oM8oDGxMFhJUWZf9McpLtJasDDZb/Bpeg==}
    dev: true

  /@jridgewell/trace-mapping@0.3.9:
    resolution: {integrity: sha512-3Belt6tdc8bPgAtbcmdtNJlirVoTmEb5e2gC94PnkwEW9jI6CAHUeoG85tjWP5WquqfavoMtMwiG4P926ZKKuQ==}
    dependencies:
      '@jridgewell/resolve-uri': 3.1.1
      '@jridgewell/sourcemap-codec': 1.4.15
    dev: true

  /@msgpackr-extract/msgpackr-extract-darwin-arm64@3.0.2:
    resolution: {integrity: sha512-9bfjwDxIDWmmOKusUcqdS4Rw+SETlp9Dy39Xui9BEGEk19dDwH0jhipwFzEff/pFg95NKymc6TOTbRKcWeRqyQ==}
    cpu: [arm64]
    os: [darwin]
    requiresBuild: true
    dev: false
    optional: true

  /@msgpackr-extract/msgpackr-extract-darwin-x64@3.0.2:
    resolution: {integrity: sha512-lwriRAHm1Yg4iDf23Oxm9n/t5Zpw1lVnxYU3HnJPTi2lJRkKTrps1KVgvL6m7WvmhYVt/FIsssWay+k45QHeuw==}
    cpu: [x64]
    os: [darwin]
    requiresBuild: true
    dev: false
    optional: true

  /@msgpackr-extract/msgpackr-extract-linux-arm64@3.0.2:
    resolution: {integrity: sha512-FU20Bo66/f7He9Fp9sP2zaJ1Q8L9uLPZQDub/WlUip78JlPeMbVL8546HbZfcW9LNciEXc8d+tThSJjSC+tmsg==}
    cpu: [arm64]
    os: [linux]
    requiresBuild: true
    dev: false
    optional: true

  /@msgpackr-extract/msgpackr-extract-linux-arm@3.0.2:
    resolution: {integrity: sha512-MOI9Dlfrpi2Cuc7i5dXdxPbFIgbDBGgKR5F2yWEa6FVEtSWncfVNKW5AKjImAQ6CZlBK9tympdsZJ2xThBiWWA==}
    cpu: [arm]
    os: [linux]
    requiresBuild: true
    dev: false
    optional: true

  /@msgpackr-extract/msgpackr-extract-linux-x64@3.0.2:
    resolution: {integrity: sha512-gsWNDCklNy7Ajk0vBBf9jEx04RUxuDQfBse918Ww+Qb9HCPoGzS+XJTLe96iN3BVK7grnLiYghP/M4L8VsaHeA==}
    cpu: [x64]
    os: [linux]
    requiresBuild: true
    dev: false
    optional: true

  /@msgpackr-extract/msgpackr-extract-win32-x64@3.0.2:
    resolution: {integrity: sha512-O+6Gs8UeDbyFpbSh2CPEz/UOrrdWPTBYNblZK5CxxLisYt4kGX3Sc+czffFonyjiGSq3jWLwJS/CCJc7tBr4sQ==}
    cpu: [x64]
    os: [win32]
    requiresBuild: true
    dev: false
    optional: true

  /@nodelib/fs.scandir@2.1.5:
    resolution: {integrity: sha512-vq24Bq3ym5HEQm2NKCr3yXDwjc7vTsEThRDnkp2DK9p1uqLR+DHurm/NOTo0KG7HYHU7eppKZj3MyqYuMBf62g==}
    engines: {node: '>= 8'}
    dependencies:
      '@nodelib/fs.stat': 2.0.5
      run-parallel: 1.2.0
    dev: true

  /@nodelib/fs.stat@2.0.5:
    resolution: {integrity: sha512-RkhPPp2zrqDAQA/2jNhnztcPAlv64XdhIp7a7454A5ovI7Bukxgt7MX7udwAu3zg1DcpPU0rz3VV1SeaqvY4+A==}
    engines: {node: '>= 8'}
    dev: true

  /@nodelib/fs.walk@1.2.8:
    resolution: {integrity: sha512-oGB+UxlgWcgQkgwo8GcEGwemoTFt3FIO9ababBmaGwXIoBKZ+GTy0pP185beGg7Llih/NSHSV2XAs1lnznocSg==}
    engines: {node: '>= 8'}
    dependencies:
      '@nodelib/fs.scandir': 2.1.5
      fastq: 1.15.0
    dev: true

  /@prisma/client@5.7.0(prisma@5.7.0):
    resolution: {integrity: sha512-cZmglCrfNbYpzUtz7HscVHl38e9CrUs31nrVoGUK1nIPXGgt8hT4jj2s657UXcNdQ/jBUxDgGmHyu2Nyrq1txg==}
    engines: {node: '>=16.13'}
    requiresBuild: true
    peerDependencies:
      prisma: '*'
    peerDependenciesMeta:
      prisma:
        optional: true
    dependencies:
      prisma: 5.7.0
    dev: false

  /@prisma/debug@5.7.0:
    resolution: {integrity: sha512-tZ+MOjWlVvz1kOEhNYMa4QUGURY+kgOUBqLHYIV8jmCsMuvA1tWcn7qtIMLzYWCbDcQT4ZS8xDgK0R2gl6/0wA==}

  /@prisma/engines-version@5.7.0-41.79fb5193cf0a8fdbef536e4b4a159cad677ab1b9:
    resolution: {integrity: sha512-V6tgRVi62jRwTm0Hglky3Scwjr/AKFBFtS+MdbsBr7UOuiu1TKLPc6xfPiyEN1+bYqjEtjxwGsHgahcJsd1rNg==}

  /@prisma/engines@5.7.0:
    resolution: {integrity: sha512-TkOMgMm60n5YgEKPn9erIvFX2/QuWnl3GBo6yTRyZKk5O5KQertXiNnrYgSLy0SpsKmhovEPQb+D4l0SzyE7XA==}
    requiresBuild: true
    dependencies:
      '@prisma/debug': 5.7.0
      '@prisma/engines-version': 5.7.0-41.79fb5193cf0a8fdbef536e4b4a159cad677ab1b9
      '@prisma/fetch-engine': 5.7.0
      '@prisma/get-platform': 5.7.0

  /@prisma/fetch-engine@5.7.0:
    resolution: {integrity: sha512-zIn/qmO+N/3FYe7/L9o+yZseIU8ivh4NdPKSkQRIHfg2QVTVMnbhGoTcecbxfVubeTp+DjcbjS0H9fCuM4W04w==}
    dependencies:
      '@prisma/debug': 5.7.0
      '@prisma/engines-version': 5.7.0-41.79fb5193cf0a8fdbef536e4b4a159cad677ab1b9
      '@prisma/get-platform': 5.7.0

  /@prisma/get-platform@5.7.0:
    resolution: {integrity: sha512-ZeV/Op4bZsWXuw5Tg05WwRI8BlKiRFhsixPcAM+5BKYSiUZiMKIi713tfT3drBq8+T0E1arNZgYSA9QYcglWNA==}
    dependencies:
      '@prisma/debug': 5.7.0

  /@sapphire/async-queue@1.5.1:
    resolution: {integrity: sha512-1RdpsmDQR/aWfp8oJzPtn4dNQrbpqSL5PIA0uAB/XwerPXUf994Ug1au1e7uGcD7ei8/F63UDjr5GWps1g/HxQ==}
    engines: {node: '>=v14.0.0', npm: '>=7.0.0'}
    dev: false

  /@sapphire/shapeshift@3.9.4:
    resolution: {integrity: sha512-SiOoCBmm8O7QuadLJnX4V0tAkhC54NIOZJtmvw+5zwnHaiulGkjY02wxCuK8Gf4V540ILmGz+UulC0U8mrOZjg==}
    engines: {node: '>=v14.0.0', npm: '>=7.0.0'}
    dependencies:
      fast-deep-equal: 3.1.3
      lodash: 4.17.21
    dev: false

  /@sapphire/snowflake@3.5.1:
    resolution: {integrity: sha512-BxcYGzgEsdlG0dKAyOm0ehLGm2CafIrfQTZGWgkfKYbj+pNNsorZ7EotuZukc2MT70E0UbppVbtpBrqpzVzjNA==}
    engines: {node: '>=v14.0.0', npm: '>=7.0.0'}
    dev: false

  /@tsconfig/node10@1.0.9:
    resolution: {integrity: sha512-jNsYVVxU8v5g43Erja32laIDHXeoNvFEpX33OK4d6hljo3jDhCBDhx5dhCCTMWUojscpAagGiRkBKxpdl9fxqA==}
    dev: true

  /@tsconfig/node12@1.0.11:
    resolution: {integrity: sha512-cqefuRsh12pWyGsIoBKJA9luFu3mRxCA+ORZvA4ktLSzIuCUtWVxGIuXigEwO5/ywWFMZ2QEGKWvkZG1zDMTag==}
    dev: true

  /@tsconfig/node14@1.0.3:
    resolution: {integrity: sha512-ysT8mhdixWK6Hw3i1V2AeRqZ5WfXg1G43mqoYlM2nc6388Fq5jcXyr5mRsqViLx/GJYdoL0bfXD8nmF+Zn/Iow==}
    dev: true

  /@tsconfig/node16@1.0.4:
    resolution: {integrity: sha512-vxhUy4J8lyeyinH7Azl1pdd43GJhZH/tP2weN8TntQblOY+A0XbT8DJk1/oCPuOOyg/Ja757rG0CgHcWC8OfMA==}
    dev: true

  /@types/node@20.10.4:
    resolution: {integrity: sha512-D08YG6rr8X90YB56tSIuBaddy/UXAA9RKJoFvrsnogAum/0pmjkgi4+2nx96A330FmioegBWmEYQ+syqCFaveg==}
    dependencies:
      undici-types: 5.26.5

  /@types/strip-bom@3.0.0:
    resolution: {integrity: sha512-xevGOReSYGM7g/kUBZzPqCrR/KYAo+F0yiPc85WFTJa0MSLtyFTVTU6cJu/aV4mid7IffDIWqo69THF2o4JiEQ==}
    dev: true

  /@types/strip-json-comments@0.0.30:
    resolution: {integrity: sha512-7NQmHra/JILCd1QqpSzl8+mJRc8ZHz3uDm8YV1Ks9IhK0epEiTw8aIErbvH9PI+6XbqhyIQy3462nEsn7UVzjQ==}
    dev: true

  /@types/ws@8.5.9:
    resolution: {integrity: sha512-jbdrY0a8lxfdTp/+r7Z4CkycbOFN8WX+IOchLJr3juT/xzbJ8URyTVSJ/hvNdadTgM1mnedb47n+Y31GsFnQlg==}
    dependencies:
      '@types/node': 20.10.4
    dev: false

  /@vladfrangu/async_event_emitter@2.2.4:
    resolution: {integrity: sha512-ButUPz9E9cXMLgvAW8aLAKKJJsPu1dY1/l/E8xzLFuysowXygs6GBcyunK9rnGC4zTsnIc2mQo71rGw9U+Ykug==}
    engines: {node: '>=v14.0.0', npm: '>=7.0.0'}
    dev: false

  /acorn-walk@8.3.1:
    resolution: {integrity: sha512-TgUZgYvqZprrl7YldZNoa9OciCAyZR+Ejm9eXzKCmjsF5IKp/wgQ7Z/ZpjpGTIUPwrHQIcYeI8qDh4PsEwxMbw==}
    engines: {node: '>=0.4.0'}
    dev: true

  /acorn@8.11.2:
    resolution: {integrity: sha512-nc0Axzp/0FILLEVsm4fNwLCwMttvhEI263QtVPQcbpfZZ3ts0hLsZGOpE6czNlid7CJ9MlyH8reXkpsf3YUY4w==}
    engines: {node: '>=0.4.0'}
    hasBin: true
    dev: true

  /anymatch@3.1.3:
    resolution: {integrity: sha512-KMReFUr0B4t+D+OBkjR3KYqvocp2XaSzO55UcB6mgQMd3KbcE+mWTyvVV7D/zsdEbNnV6acZUutkiHQXvTr1Rw==}
    engines: {node: '>= 8'}
    dependencies:
      normalize-path: 3.0.0
      picomatch: 2.3.1
    dev: true

  /arg@4.1.3:
    resolution: {integrity: sha512-58S9QDqG0Xx27YwPSt9fJxivjYl432YCwfDMfZ+71RAqUrZef7LrKQZ3LHLOwCS4FLNBplP533Zx895SeOCHvA==}
    dev: true

  /array-union@2.1.0:
    resolution: {integrity: sha512-HGyxoOTYUyCM6stUe6EJgnd4EoewAI7zMdfqO+kGjnlZmBDz/cR5pf8r/cR4Wq60sL/p0IkcjUEEPwS3GFrIyw==}
    engines: {node: '>=8'}
    dev: true

  /asynckit@0.4.0:
    resolution: {integrity: sha512-Oei9OH4tRh0YqU3GxhX79dM/mwVgvbZJaSNaRk+bshkj0S5cfHcgYakreBjrHwatXKbz+IoIdYLxrKim2MjW0Q==}
    dev: false

  /axios@1.6.2:
    resolution: {integrity: sha512-7i24Ri4pmDRfJTR7LDBhsOTtcm+9kjX5WiY1X3wIisx6G9So3pfMkEiU7emUBe46oceVImccTEM3k6C5dbVW8A==}
    dependencies:
      follow-redirects: 1.15.3
      form-data: 4.0.0
      proxy-from-env: 1.1.0
    transitivePeerDependencies:
      - debug
    dev: false

  /balanced-match@1.0.2:
    resolution: {integrity: sha512-3oSeUO0TMV67hN1AmbXsK4yaqU7tjiHlbxRDZOpH0KW9+CeX4bRAaX0Anxt0tx2MrpRpWwQaPwIlISEJhYU5Pw==}

  /binary-extensions@2.2.0:
    resolution: {integrity: sha512-jDctJ/IVQbZoJykoeHbhXpOlNBqGNcwXJKJog42E5HDPUwQTSdjCHdihjj0DlnheQ7blbT6dHOafNAiS8ooQKA==}
    engines: {node: '>=8'}
    dev: true

  /boolbase@1.0.0:
    resolution: {integrity: sha512-JZOSA7Mo9sNGB8+UjSgzdLtokWAky1zbztM3WRLCbZ70/3cTANmQmOdR7y2g+J0e2WXywy1yS468tY+IruqEww==}
    dev: false

  /brace-expansion@1.1.11:
    resolution: {integrity: sha512-iCuPHDFgrHX7H2vEI/5xpz07zSHB00TpugqhmYtVmMO6518mCuRMoOYFldEBl0g187ufozdaHgWKcYFb61qGiA==}
    dependencies:
      balanced-match: 1.0.2
      concat-map: 0.0.1
    dev: true

  /brace-expansion@2.0.1:
    resolution: {integrity: sha512-XnAIvQ8eM+kC6aULx6wuQiwVsnzsi9d3WxzV3FpWTGA19F621kwdbsAcFKXgKUHZWsy+mY6iL1sHTxWEFCytDA==}
    dependencies:
      balanced-match: 1.0.2
    dev: false

  /braces@3.0.2:
    resolution: {integrity: sha512-b8um+L1RzM3WDSzvhm6gIz1yfTbBt6YTlcEKAvsmqCZZFw46z626lVj9j1yEPW33H5H+lBQpZMP1k8l+78Ha0A==}
    engines: {node: '>=8'}
    dependencies:
      fill-range: 7.0.1
    dev: true

  /buffer-from@1.1.2:
    resolution: {integrity: sha512-E+XQCRwSbaaiChtv6k6Dwgc+bx+Bs6vuKJHHl5kox/BaKbhiXzqQOwK4cO22yElGp2OCmjwVhT3HmxgyPGnJfQ==}
    dev: true

  /bullmq@4.15.4:
    resolution: {integrity: sha512-lrEtiERjYPPfb0OEXva5G8cF6kbtJFy/BmIL0yjmO+kj2eSVjCpAVVeYikxoqKtaYyEnNFal7ERVLanEvp+1Lw==}
    dependencies:
      cron-parser: 4.9.0
      glob: 8.1.0
      ioredis: 5.3.2
      lodash: 4.17.21
      msgpackr: 1.10.1
      node-abort-controller: 3.1.1
      semver: 7.5.4
      tslib: 2.6.2
      uuid: 9.0.1
    transitivePeerDependencies:
      - supports-color
    dev: false

  /cheerio-select@2.1.0:
    resolution: {integrity: sha512-9v9kG0LvzrlcungtnJtpGNxY+fzECQKhK4EGJX2vByejiMX84MFNQw4UxPJl3bFbTMw+Dfs37XaIkCwTZfLh4g==}
    dependencies:
      boolbase: 1.0.0
      css-select: 5.1.0
      css-what: 6.1.0
      domelementtype: 2.3.0
      domhandler: 5.0.3
      domutils: 3.1.0
    dev: false

  /cheerio@1.0.0-rc.12:
    resolution: {integrity: sha512-VqR8m68vM46BNnuZ5NtnGBKIE/DfN0cRIzg9n40EIq9NOv90ayxLBXA8fXC5gquFRGJSTRqBq25Jt2ECLR431Q==}
    engines: {node: '>= 6'}
    dependencies:
      cheerio-select: 2.1.0
      dom-serializer: 2.0.0
      domhandler: 5.0.3
      domutils: 3.1.0
      htmlparser2: 8.0.2
      parse5: 7.1.2
      parse5-htmlparser2-tree-adapter: 7.0.0
    dev: false

  /chokidar@3.5.3:
    resolution: {integrity: sha512-Dr3sfKRP6oTcjf2JmUmFJfeVMvXBdegxB0iVQ5eb2V10uFJUCAS8OByZdVAyVb8xXNz3GjjTgj9kLWsZTqE6kw==}
    engines: {node: '>= 8.10.0'}
    dependencies:
      anymatch: 3.1.3
      braces: 3.0.2
      glob-parent: 5.1.2
      is-binary-path: 2.1.0
      is-glob: 4.0.3
      normalize-path: 3.0.0
      readdirp: 3.6.0
    optionalDependencies:
      fsevents: 2.3.3
    dev: true

  /chrono-node@2.7.3:
    resolution: {integrity: sha512-M/CusGocGJaubS8OFPEzmSa6IT/MJo2LaVqFyUVaLMo+UWwqyahKHsDe9FQBzwaytVGwR/bwZ5JhnAcu894Owg==}
    engines: {node: ^12.20.0 || ^14.13.1 || >=16.0.0}
    dependencies:
      dayjs: 1.11.10
    dev: false

  /cluster-key-slot@1.1.2:
    resolution: {integrity: sha512-RMr0FhtfXemyinomL4hrWcYJxmX6deFdCxpJzhDttxgO1+bcCnkk+9drydLVDmAMG7NE6aN/fl4F7ucU/90gAA==}
    engines: {node: '>=0.10.0'}
    dev: false

  /combined-stream@1.0.8:
    resolution: {integrity: sha512-FQN4MRfuJeHf7cBbBMJFXhKSDq+2kAArBlmRBvcvFE5BB1HZKXtSFASDhdlz9zOYwxh8lDdnvmMOe/+5cdoEdg==}
    engines: {node: '>= 0.8'}
    dependencies:
      delayed-stream: 1.0.0
    dev: false

  /commander@9.5.0:
    resolution: {integrity: sha512-KRs7WVDKg86PWiuAqhDrAQnTXZKraVcCc6vFdL14qrZ/DcWwuRo7VoiYXalXO7S5GKpqYiVEwCbgFDfxNHKJBQ==}
    engines: {node: ^12.20.0 || >=14}
    dev: true

  /concat-map@0.0.1:
    resolution: {integrity: sha512-/Srv4dswyQNBfohGpz9o6Yb3Gz3SrUDqBH5rTuhGR7ahtlbYKnVxw2bCFMRljaA7EXHaXZ8wsHdodFvbkhKmqg==}
    dev: true

  /create-require@1.1.1:
    resolution: {integrity: sha512-dcKFX3jn0MpIaXjisoRvexIJVEKzaq7z2rZKxf+MSr9TkdmHmsU4m2lcLojrj/FHl8mk5VxMmYA+ftRkP/3oKQ==}
    dev: true

  /cron-parser@4.9.0:
    resolution: {integrity: sha512-p0SaNjrHOnQeR8/VnfGbmg9te2kfyYSQ7Sc/j/6DtPL3JQvKxmjO9TSjNFpujqV3vEYYBvNNvXSxzyksBWAx1Q==}
    engines: {node: '>=12.0.0'}
    dependencies:
      luxon: 3.4.4
    dev: false

  /css-select@5.1.0:
    resolution: {integrity: sha512-nwoRF1rvRRnnCqqY7updORDsuqKzqYJ28+oSMaJMMgOauh3fvwHqMS7EZpIPqK8GL+g9mKxF1vP/ZjSeNjEVHg==}
    dependencies:
      boolbase: 1.0.0
      css-what: 6.1.0
      domhandler: 5.0.3
      domutils: 3.1.0
      nth-check: 2.1.1
    dev: false

  /css-what@6.1.0:
    resolution: {integrity: sha512-HTUrgRJ7r4dsZKU6GjmpfRK1O76h97Z8MfS1G0FozR+oF2kG6Vfe8JE6zwrkbxigziPHinCJ+gCPjA9EaBDtRw==}
    engines: {node: '>= 6'}
    dev: false

  /dayjs@1.11.10:
    resolution: {integrity: sha512-vjAczensTgRcqDERK0SR2XMwsF/tSvnvlv6VcF2GIhg6Sx4yOIt/irsr1RDJsKiIyBzJDpCoXiWWq28MqH2cnQ==}
    dev: false

  /debug@4.3.4:
    resolution: {integrity: sha512-PRWFHuSU3eDtQJPvnNY7Jcket1j0t5OuOsFzPPzsekD52Zl8qUfFIPEiswXqIvHWGVHOgX+7G/vCNNhehwxfkQ==}
    engines: {node: '>=6.0'}
    peerDependencies:
      supports-color: '*'
    peerDependenciesMeta:
      supports-color:
        optional: true
    dependencies:
      ms: 2.1.2
    dev: false

  /delayed-stream@1.0.0:
    resolution: {integrity: sha512-ZySD7Nf91aLB0RxL4KGrKHBXl7Eds1DAmEdcoVawXnLD7SDhpNgtuII2aAkg7a7QS41jxPSZ17p4VdGnMHk3MQ==}
    engines: {node: '>=0.4.0'}
    dev: false

  /denque@2.1.0:
    resolution: {integrity: sha512-HVQE3AAb/pxF8fQAoiqpvg9i3evqug3hoiwakOyZAwJm+6vZehbkYXZ0l4JxS+I3QxM97v5aaRNhj8v5oBhekw==}
    engines: {node: '>=0.10'}
    dev: false

  /diff@4.0.2:
    resolution: {integrity: sha512-58lmxKSA4BNyLz+HHMUzlOEpg09FV+ev6ZMe3vJihgdxzgcwZ8VoEEPmALCZG9LmqfVoNMMKpttIYTVG6uDY7A==}
    engines: {node: '>=0.3.1'}
    dev: true

  /dir-glob@3.0.1:
    resolution: {integrity: sha512-WkrWp9GR4KXfKGYzOLmTuGVi1UWFfws377n9cc55/tb6DuqyF6pcQ5AbiHEshaDpY9v6oaSr2XCDidGmMwdzIA==}
    engines: {node: '>=8'}
    dependencies:
      path-type: 4.0.0
    dev: true

  /discord-api-types@0.37.61:
    resolution: {integrity: sha512-o/dXNFfhBpYHpQFdT6FWzeO7pKc838QeeZ9d91CfVAtpr5XLK4B/zYxQbYgPdoMiTDvJfzcsLW5naXgmHGDNXw==}
    dev: false

  /discord.js@14.14.1:
    resolution: {integrity: sha512-/hUVzkIerxKHyRKopJy5xejp4MYKDPTszAnpYxzVVv4qJYf+Tkt+jnT2N29PIPschicaEEpXwF2ARrTYHYwQ5w==}
    engines: {node: '>=16.11.0'}
    dependencies:
      '@discordjs/builders': 1.7.0
      '@discordjs/collection': 1.5.3
      '@discordjs/formatters': 0.3.3
      '@discordjs/rest': 2.2.0
      '@discordjs/util': 1.0.2
      '@discordjs/ws': 1.0.2
      '@sapphire/snowflake': 3.5.1
      '@types/ws': 8.5.9
      discord-api-types: 0.37.61
      fast-deep-equal: 3.1.3
      lodash.snakecase: 4.1.1
      tslib: 2.6.2
      undici: 5.27.2
      ws: 8.14.2
    transitivePeerDependencies:
      - bufferutil
      - utf-8-validate
    dev: false

  /dom-serializer@2.0.0:
    resolution: {integrity: sha512-wIkAryiqt/nV5EQKqQpo3SToSOV9J0DnbJqwK7Wv/Trc92zIAYZ4FlMu+JPFW1DfGFt81ZTCGgDEabffXeLyJg==}
    dependencies:
      domelementtype: 2.3.0
      domhandler: 5.0.3
      entities: 4.5.0
    dev: false

  /domelementtype@2.3.0:
    resolution: {integrity: sha512-OLETBj6w0OsagBwdXnPdN0cnMfF9opN69co+7ZrbfPGrdpPVNBUj02spi6B1N7wChLQiPn4CSH/zJvXw56gmHw==}
    dev: false

  /domhandler@5.0.3:
    resolution: {integrity: sha512-cgwlv/1iFQiFnU96XXgROh8xTeetsnJiDsTc7TYCLFd9+/WNkIqPTxiM/8pSd8VIrhXGTf1Ny1q1hquVqDJB5w==}
    engines: {node: '>= 4'}
    dependencies:
      domelementtype: 2.3.0
    dev: false

  /domutils@3.1.0:
    resolution: {integrity: sha512-H78uMmQtI2AhgDJjWeQmHwJJ2bLPD3GMmO7Zja/ZZh84wkm+4ut+IUnUdRa8uCGX88DiVx1j6FRe1XfxEgjEZA==}
    dependencies:
      dom-serializer: 2.0.0
      domelementtype: 2.3.0
      domhandler: 5.0.3
    dev: false

  /dotenv@16.3.1:
    resolution: {integrity: sha512-IPzF4w4/Rd94bA9imS68tZBaYyBWSCE47V1RGuMrB94iyTOIEwRmVL2x/4An+6mETpLrKJ5hQkB8W4kFAadeIQ==}
    engines: {node: '>=12'}
    dev: false

  /dynamic-dedupe@0.3.0:
    resolution: {integrity: sha512-ssuANeD+z97meYOqd50e04Ze5qp4bPqo8cCkI4TRjZkzAUgIDTrXV1R8QCdINpiI+hw14+rYazvTRdQrz0/rFQ==}
    dependencies:
      xtend: 4.0.2
    dev: true

  /entities@4.5.0:
    resolution: {integrity: sha512-V0hjH4dGPh9Ao5p0MoRY6BVqtwCjhz6vI5LT8AJ55H+4g9/4vbHx1I54fS0XuclLhDHArPQCiMjDxjaL8fPxhw==}
    engines: {node: '>=0.12'}
    dev: false

  /fast-deep-equal@3.1.3:
    resolution: {integrity: sha512-f3qQ9oQy9j2AhBe/H9VC91wLmKBCCU/gDOnKNAYG5hswO7BLKj09Hc5HYNz9cGI++xlpDCIgDaitVs03ATR84Q==}
    dev: false

  /fast-glob@3.3.2:
    resolution: {integrity: sha512-oX2ruAFQwf/Orj8m737Y5adxDQO0LAB7/S5MnxCdTNDd4p6BsyIVsv9JQsATbTSq8KHRpLwIHbVlUNatxd+1Ow==}
    engines: {node: '>=8.6.0'}
    dependencies:
      '@nodelib/fs.stat': 2.0.5
      '@nodelib/fs.walk': 1.2.8
      glob-parent: 5.1.2
      merge2: 1.4.1
      micromatch: 4.0.5
    dev: true

  /fastq@1.15.0:
    resolution: {integrity: sha512-wBrocU2LCXXa+lWBt8RoIRD89Fi8OdABODa/kEnyeyjS5aZO5/GNvI5sEINADqP/h8M29UHTHUb53sUu5Ihqdw==}
    dependencies:
      reusify: 1.0.4
    dev: true

  /fill-range@7.0.1:
    resolution: {integrity: sha512-qOo9F+dMUmC2Lcb4BbVvnKJxTPjCm+RRpe4gDuGrzkL7mEVl/djYSu2OdQ2Pa302N4oqkSg9ir6jaLWJ2USVpQ==}
    engines: {node: '>=8'}
    dependencies:
      to-regex-range: 5.0.1
    dev: true

  /follow-redirects@1.15.3:
    resolution: {integrity: sha512-1VzOtuEM8pC9SFU1E+8KfTjZyMztRsgEfwQl44z8A25uy13jSzTj6dyK2Df52iV0vgHCfBwLhDWevLn95w5v6Q==}
    engines: {node: '>=4.0'}
    peerDependencies:
      debug: '*'
    peerDependenciesMeta:
      debug:
        optional: true
    dev: false

  /form-data@4.0.0:
    resolution: {integrity: sha512-ETEklSGi5t0QMZuiXoA/Q6vcnxcLQP5vdugSpuAyi6SVGi2clPPp+xgEhuMaHC+zGgn31Kd235W35f7Hykkaww==}
    engines: {node: '>= 6'}
    dependencies:
      asynckit: 0.4.0
      combined-stream: 1.0.8
      mime-types: 2.1.35
    dev: false

  /fs.realpath@1.0.0:
    resolution: {integrity: sha512-OO0pH2lK6a0hZnAdau5ItzHPI6pUlvI7jMVnxUQRtw4owF2wk8lOSabtGDCTP4Ggrg2MbGnWO9X8K1t4+fGMDw==}

  /fsevents@2.3.3:
    resolution: {integrity: sha512-5xoDfX+fL7faATnagmWPpbFtwh/R77WmMMqqHGS65C3vvB0YHrgF+B1YmZ3441tMj5n63k0212XNoJwzlhffQw==}
    engines: {node: ^8.16.0 || ^10.6.0 || >=11.0.0}
    os: [darwin]
    requiresBuild: true
    dev: true
    optional: true

  /function-bind@1.1.2:
    resolution: {integrity: sha512-7XHNxH7qX9xG5mIwxkhumTox/MIRNcOgDrxWsMt2pAr23WHp6MrRlN7FBSFpCpr+oVO0F744iUgR82nJMfG2SA==}
    dev: true

  /glob-parent@5.1.2:
    resolution: {integrity: sha512-AOIgSQCepiJYwP3ARnGx+5VnTu2HBYdzbGP45eLw1vr3zB3vZLeyed1sC9hnbcOc9/SrMyM5RPQrkGz4aS9Zow==}
    engines: {node: '>= 6'}
    dependencies:
      is-glob: 4.0.3
    dev: true

  /glob@7.2.3:
    resolution: {integrity: sha512-nFR0zLpU2YCaRxwoCJvL6UvCH2JFyFVIvwTLsIf21AuHlMskA1hhTdk+LlYJtOlYt9v6dvszD2BGRqBL+iQK9Q==}
    dependencies:
      fs.realpath: 1.0.0
      inflight: 1.0.6
      inherits: 2.0.4
      minimatch: 3.1.2
      once: 1.4.0
      path-is-absolute: 1.0.1
    dev: true

  /glob@8.1.0:
    resolution: {integrity: sha512-r8hpEjiQEYlF2QU0df3dS+nxxSIreXQS1qRhMJM0Q5NDdR386C7jb7Hwwod8Fgiuex+k0GFjgft18yvxm5XoCQ==}
    engines: {node: '>=12'}
    dependencies:
      fs.realpath: 1.0.0
      inflight: 1.0.6
      inherits: 2.0.4
      minimatch: 5.1.6
      once: 1.4.0
    dev: false

  /globby@11.1.0:
    resolution: {integrity: sha512-jhIXaOzy1sb8IyocaruWSn1TjmnBVs8Ayhcy83rmxNJ8q2uWKCAj3CnJY+KpGSXCueAPc0i05kVvVKtP1t9S3g==}
    engines: {node: '>=10'}
    dependencies:
      array-union: 2.1.0
      dir-glob: 3.0.1
      fast-glob: 3.3.2
      ignore: 5.3.0
      merge2: 1.4.1
      slash: 3.0.0
    dev: true

  /hasown@2.0.0:
    resolution: {integrity: sha512-vUptKVTpIJhcczKBbgnS+RtcuYMB8+oNzPK2/Hp3hanz8JmpATdmmgLgSaadVREkDm+e2giHwY3ZRkyjSIDDFA==}
    engines: {node: '>= 0.4'}
    dependencies:
      function-bind: 1.1.2
    dev: true

  /htmlparser2@8.0.2:
    resolution: {integrity: sha512-GYdjWKDkbRLkZ5geuHs5NY1puJ+PXwP7+fHPRz06Eirsb9ugf6d8kkXav6ADhcODhFFPMIXyxkxSuMf3D6NCFA==}
    dependencies:
      domelementtype: 2.3.0
      domhandler: 5.0.3
      domutils: 3.1.0
      entities: 4.5.0
    dev: false

  /ignore@5.3.0:
    resolution: {integrity: sha512-g7dmpshy+gD7mh88OC9NwSGTKoc3kyLAZQRU1mt53Aw/vnvfXnbC+F/7F7QoYVKbV+KNvJx8wArewKy1vXMtlg==}
    engines: {node: '>= 4'}
    dev: true

  /inflight@1.0.6:
    resolution: {integrity: sha512-k92I/b08q4wvFscXCLvqfsHCrjrF7yiXsQuIVvVE7N82W3+aqpzuUdBbfhWcy/FZR3/4IgflMgKLOsvPDrGCJA==}
    dependencies:
      once: 1.4.0
      wrappy: 1.0.2

  /inherits@2.0.4:
    resolution: {integrity: sha512-k/vGaX4/Yla3WzyMCvTQOXYeIHvqOKtnqBduzTHpzpQZzAskKMhZ2K+EnBiSM9zGSoIFeMpXKxa4dYeZIQqewQ==}

  /ioredis@5.3.2:
    resolution: {integrity: sha512-1DKMMzlIHM02eBBVOFQ1+AolGjs6+xEcM4PDL7NqOS6szq7H9jSaEkIUH6/a5Hl241LzW6JLSiAbNvTQjUupUA==}
    engines: {node: '>=12.22.0'}
    dependencies:
      '@ioredis/commands': 1.2.0
      cluster-key-slot: 1.1.2
      debug: 4.3.4
      denque: 2.1.0
      lodash.defaults: 4.2.0
      lodash.isarguments: 3.1.0
      redis-errors: 1.2.0
      redis-parser: 3.0.0
      standard-as-callback: 2.1.0
    transitivePeerDependencies:
      - supports-color
    dev: false

  /is-binary-path@2.1.0:
    resolution: {integrity: sha512-ZMERYes6pDydyuGidse7OsHxtbI7WVeUEozgR/g7rd0xUimYNlvZRE/K2MgZTjWy725IfelLeVcEM97mmtRGXw==}
    engines: {node: '>=8'}
    dependencies:
      binary-extensions: 2.2.0
    dev: true

  /is-core-module@2.13.1:
    resolution: {integrity: sha512-hHrIjvZsftOsvKSn2TRYl63zvxsgE0K+0mYMoH6gD4omR5IWB2KynivBQczo3+wF1cCkjzvptnI9Q0sPU66ilw==}
    dependencies:
      hasown: 2.0.0
    dev: true

  /is-extglob@2.1.1:
    resolution: {integrity: sha512-SbKbANkN603Vi4jEZv49LeVJMn4yGwsbzZworEoyEiutsN3nJYdbO36zfhGJ6QEDpOZIFkDtnq5JRxmvl3jsoQ==}
    engines: {node: '>=0.10.0'}
    dev: true

  /is-glob@4.0.3:
    resolution: {integrity: sha512-xelSayHH36ZgE7ZWhli7pW34hNbNl8Ojv5KVmkJD4hBdD3th8Tfk9vYasLM+mXWOZhFkgZfxhLSnrwRr4elSSg==}
    engines: {node: '>=0.10.0'}
    dependencies:
      is-extglob: 2.1.1
    dev: true

  /is-number@7.0.0:
    resolution: {integrity: sha512-41Cifkg6e8TylSpdtTpeLVMqvSBEVzTttHvERD741+pnZ8ANv0004MRL43QKPDlK9cGvNp6NZWZUBlbGXYxxng==}
    engines: {node: '>=0.12.0'}
    dev: true

  /json5@2.2.3:
    resolution: {integrity: sha512-XmOWe7eyHYH14cLdVPoyg+GOH3rYX++KpzrylJwSW98t3Nk+U8XOl8FWKOgwtzdb8lXGf6zYwDUzeHMWfxasyg==}
    engines: {node: '>=6'}
    hasBin: true
    dev: true

  /lodash.defaults@4.2.0:
    resolution: {integrity: sha512-qjxPLHd3r5DnsdGacqOMU6pb/avJzdh9tFX2ymgoZE27BmjXrNy/y4LoaiTeAb+O3gL8AfpJGtqfX/ae2leYYQ==}
    dev: false

  /lodash.isarguments@3.1.0:
    resolution: {integrity: sha512-chi4NHZlZqZD18a0imDHnZPrDeBbTtVN7GXMwuGdRH9qotxAjYs3aVLKc7zNOG9eddR5Ksd8rvFEBc9SsggPpg==}
    dev: false

  /lodash.snakecase@4.1.1:
    resolution: {integrity: sha512-QZ1d4xoBHYUeuouhEq3lk3Uq7ldgyFXGBhg04+oRLnIz8o9T65Eh+8YdroUwn846zchkA9yDsDl5CVVaV2nqYw==}
    dev: false

  /lodash@4.17.21:
    resolution: {integrity: sha512-v2kDEe57lecTulaDIuNTPy3Ry4gLGJ6Z1O3vE1krgXZNrsQ+LFTGHVxVjcXPs17LhbZVGedAJv8XZ1tvj5FvSg==}
    dev: false

  /lru-cache@6.0.0:
    resolution: {integrity: sha512-Jo6dJ04CmSjuznwJSS3pUeWmd/H0ffTlkXXgwZi+eq1UCmqQwCh+eLsYOYCwY991i2Fah4h1BEMCx4qThGbsiA==}
    engines: {node: '>=10'}
    dependencies:
      yallist: 4.0.0
    dev: false

  /luxon@3.4.4:
    resolution: {integrity: sha512-zobTr7akeGHnv7eBOXcRgMeCP6+uyYsczwmeRCauvpvaAltgNyTbLH/+VaEAPUeWBT+1GuNmz4wC/6jtQzbbVA==}
    engines: {node: '>=12'}
    dev: false

  /magic-bytes.js@1.7.0:
    resolution: {integrity: sha512-YzVU2+/hrjwx8xcgAw+ffNq3jkactpj+f1iSL4LonrFKhvnwDzHSqtFdk/MMRP53y9ScouJ7cKEnqYsJwsHoYA==}
    dev: false

  /make-error@1.3.6:
    resolution: {integrity: sha512-s8UhlNe7vPKomQhC1qFelMokr/Sc3AgNbso3n74mVPA5LTZwkB9NlXf4XPamLxJE8h0gh73rM94xvwRT2CVInw==}
    dev: true

  /merge2@1.4.1:
    resolution: {integrity: sha512-8q7VEgMJW4J8tcfVPy8g09NcQwZdbwFEqhe/WZkoIzjn/3TGDwtOCYtXGxA3O8tPzpczCCDgv+P2P5y00ZJOOg==}
    engines: {node: '>= 8'}
    dev: true

  /micromatch@4.0.5:
    resolution: {integrity: sha512-DMy+ERcEW2q8Z2Po+WNXuw3c5YaUSFjAO5GsJqfEl7UjvtIuFKO6ZrKvcItdy98dwFI2N1tg3zNIdKaQT+aNdA==}
    engines: {node: '>=8.6'}
    dependencies:
      braces: 3.0.2
      picomatch: 2.3.1
    dev: true

  /mime-db@1.52.0:
    resolution: {integrity: sha512-sPU4uV7dYlvtWJxwwxHD0PuihVNiE7TyAbQ5SWxDCB9mUYvOgroQOwYQQOKPJ8CIbE+1ETVlOoK1UC2nU3gYvg==}
    engines: {node: '>= 0.6'}
    dev: false

  /mime-types@2.1.35:
    resolution: {integrity: sha512-ZDY+bPm5zTTF+YpCrAU9nK0UgICYPT0QtT1NZWFv4s++TNkcgVaT0g6+4R2uI4MjQjzysHB1zxuWL50hzaeXiw==}
    engines: {node: '>= 0.6'}
    dependencies:
      mime-db: 1.52.0
    dev: false

  /minimatch@3.1.2:
    resolution: {integrity: sha512-J7p63hRiAjw1NDEww1W7i37+ByIrOWO5XQQAzZ3VOcL0PNybwpfmV/N05zFAzwQ9USyEcX6t3UO+K5aqBQOIHw==}
    dependencies:
      brace-expansion: 1.1.11
    dev: true

  /minimatch@5.1.6:
    resolution: {integrity: sha512-lKwV/1brpG6mBUFHtb7NUmtABCb2WZZmm2wNiOA5hAb8VdCS4B3dtMWyvcoViccwAW/COERjXLt0zP1zXUN26g==}
    engines: {node: '>=10'}
    dependencies:
      brace-expansion: 2.0.1
    dev: false

  /minimist@1.2.8:
    resolution: {integrity: sha512-2yyAR8qBkN3YuheJanUpWC5U3bb5osDywNB8RzDVlDwDHbocAJveqqj1u8+SVD7jkWT4yvsHCpWqqWqAxb0zCA==}
    dev: true

  /mkdirp@1.0.4:
    resolution: {integrity: sha512-vVqVZQyf3WLx2Shd0qJ9xuvqgAyKPLAiqITEtqW0oIUjzo3PePDd6fW9iFz30ef7Ysp/oiWqbhszeGWW2T6Gzw==}
    engines: {node: '>=10'}
    hasBin: true
    dev: true

  /ms@2.1.2:
    resolution: {integrity: sha512-sGkPx+VjMtmA6MX27oA4FBFELFCZZ4S4XqeGOXCv68tT+jb3vk/RyaKWP0PTKyWtmLSM0b+adUTEvbs1PEaH2w==}
    dev: false

  /msgpackr-extract@3.0.2:
    resolution: {integrity: sha512-SdzXp4kD/Qf8agZ9+iTu6eql0m3kWm1A2y1hkpTeVNENutaB0BwHlSvAIaMxwntmRUAUjon2V4L8Z/njd0Ct8A==}
    hasBin: true
    requiresBuild: true
    dependencies:
      node-gyp-build-optional-packages: 5.0.7
    optionalDependencies:
      '@msgpackr-extract/msgpackr-extract-darwin-arm64': 3.0.2
      '@msgpackr-extract/msgpackr-extract-darwin-x64': 3.0.2
      '@msgpackr-extract/msgpackr-extract-linux-arm': 3.0.2
      '@msgpackr-extract/msgpackr-extract-linux-arm64': 3.0.2
      '@msgpackr-extract/msgpackr-extract-linux-x64': 3.0.2
      '@msgpackr-extract/msgpackr-extract-win32-x64': 3.0.2
    dev: false
    optional: true

  /msgpackr@1.10.1:
    resolution: {integrity: sha512-r5VRLv9qouXuLiIBrLpl2d5ZvPt8svdQTl5/vMvE4nzDMyEX4sgW5yWhuBBj5UmgwOTWj8CIdSXn5sAfsHAWIQ==}
    optionalDependencies:
      msgpackr-extract: 3.0.2
    dev: false

  /mylas@2.1.13:
    resolution: {integrity: sha512-+MrqnJRtxdF+xngFfUUkIMQrUUL0KsxbADUkn23Z/4ibGg192Q+z+CQyiYwvWTsYjJygmMR8+w3ZDa98Zh6ESg==}
    engines: {node: '>=12.0.0'}
    dev: true

  /node-abort-controller@3.1.1:
    resolution: {integrity: sha512-AGK2yQKIjRuqnc6VkX2Xj5d+QW8xZ87pa1UK6yA6ouUyuxfHuMP6umE5QK7UmTeOAymo+Zx1Fxiuw9rVx8taHQ==}
    dev: false

  /node-gyp-build-optional-packages@5.0.7:
    resolution: {integrity: sha512-YlCCc6Wffkx0kHkmam79GKvDQ6x+QZkMjFGrIMxgFNILFvGSbCp2fCBC55pGTT9gVaz8Na5CLmxt/urtzRv36w==}
    hasBin: true
    requiresBuild: true
    dev: false
    optional: true

  /normalize-path@3.0.0:
    resolution: {integrity: sha512-6eZs5Ls3WtCisHWp9S2GUy8dqkpGi4BVSz3GaqiE6ezub0512ESztXUwUB6C6IKbQkY2Pnb/mD4WYojCRwcwLA==}
    engines: {node: '>=0.10.0'}
    dev: true

  /nth-check@2.1.1:
    resolution: {integrity: sha512-lqjrjmaOoAnWfMmBPL+XNnynZh2+swxiX3WUE0s4yEHI6m+AwrK2UZOimIRl3X/4QctVqS8AiZjFqyOGrMXb/w==}
    dependencies:
      boolbase: 1.0.0
    dev: false

  /once@1.4.0:
    resolution: {integrity: sha512-lNaJgI+2Q5URQBkccEKHTQOPaXdUxnZZElQTZY0MFUAuaEqe1E+Nyvgdz/aIyNi6Z9MzO5dv1H8n58/GELp3+w==}
    dependencies:
      wrappy: 1.0.2

  /parse5-htmlparser2-tree-adapter@7.0.0:
    resolution: {integrity: sha512-B77tOZrqqfUfnVcOrUvfdLbz4pu4RopLD/4vmu3HUPswwTA8OH0EMW9BlWR2B0RCoiZRAHEUu7IxeP1Pd1UU+g==}
    dependencies:
      domhandler: 5.0.3
      parse5: 7.1.2
    dev: false

  /parse5@7.1.2:
    resolution: {integrity: sha512-Czj1WaSVpaoj0wbhMzLmWD69anp2WH7FXMB9n1Sy8/ZFF9jolSQVMu1Ij5WIyGmcBmhk7EOndpO4mIpihVqAXw==}
    dependencies:
      entities: 4.5.0
    dev: false

  /path-is-absolute@1.0.1:
    resolution: {integrity: sha512-AVbw3UJ2e9bq64vSaS9Am0fje1Pa8pbGqTTsmXfaIiMpnr5DlDhfJOuLj9Sf95ZPVDAUerDfEk88MPmPe7UCQg==}
    engines: {node: '>=0.10.0'}
    dev: true

  /path-parse@1.0.7:
    resolution: {integrity: sha512-LDJzPVEEEPR+y48z93A0Ed0yXb8pAByGWo/k5YYdYgpY2/2EsOsksJrq7lOHxryrVOn1ejG6oAp8ahvOIQD8sw==}
    dev: true

  /path-type@4.0.0:
    resolution: {integrity: sha512-gDKb8aZMDeD/tZWs9P6+q0J9Mwkdl6xMV8TjnGP3qJVJ06bdMgkbBlLU8IdfOsIsFz2BW1rNVT3XuNEl8zPAvw==}
    engines: {node: '>=8'}
    dev: true

  /picomatch@2.3.1:
    resolution: {integrity: sha512-JU3teHTNjmE2VCGFzuY8EXzCDVwEqB2a8fsIvwaStHhAWJEeVd1o1QD80CU6+ZdEXXSLbSsuLwJjkCBWqRQUVA==}
    engines: {node: '>=8.6'}
    dev: true

  /plimit-lit@1.6.1:
    resolution: {integrity: sha512-B7+VDyb8Tl6oMJT9oSO2CW8XC/T4UcJGrwOVoNGwOQsQYhlpfajmrMj5xeejqaASq3V/EqThyOeATEOMuSEXiA==}
    engines: {node: '>=12'}
    dependencies:
      queue-lit: 1.5.2
    dev: true

  /prisma@5.7.0:
    resolution: {integrity: sha512-0rcfXO2ErmGAtxnuTNHQT9ztL0zZheQjOI/VNJzdq87C3TlGPQtMqtM+KCwU6XtmkoEr7vbCQqA7HF9IY0ST+Q==}
    engines: {node: '>=16.13'}
    hasBin: true
    requiresBuild: true
    dependencies:
      '@prisma/engines': 5.7.0

  /proxy-from-env@1.1.0:
    resolution: {integrity: sha512-D+zkORCbA9f1tdWRK0RaCR3GPv50cMxcrz4X8k5LTSUD1Dkw47mKJEZQNunItRTkWwgtaUSo1RVFRIG9ZXiFYg==}
    dev: false

  /queue-lit@1.5.2:
    resolution: {integrity: sha512-tLc36IOPeMAubu8BkW8YDBV+WyIgKlYU7zUNs0J5Vk9skSZ4JfGlPOqplP0aHdfv7HL0B2Pg6nwiq60Qc6M2Hw==}
    engines: {node: '>=12'}
    dev: true

  /queue-microtask@1.2.3:
    resolution: {integrity: sha512-NuaNSa6flKT5JaSYQzJok04JzTL1CA6aGhv5rfLW3PgqA+M2ChpZQnAC8h8i4ZFkBS8X5RqkDBHA7r4hej3K9A==}
    dev: true

  /readdirp@3.6.0:
    resolution: {integrity: sha512-hOS089on8RduqdbhvQ5Z37A0ESjsqz6qnRcffsMU3495FuTdqSm+7bhJ29JvIOsBDEEnan5DPu9t3To9VRlMzA==}
    engines: {node: '>=8.10.0'}
    dependencies:
      picomatch: 2.3.1
    dev: true

  /redis-errors@1.2.0:
    resolution: {integrity: sha512-1qny3OExCf0UvUV/5wpYKf2YwPcOqXzkwKKSmKHiE6ZMQs5heeE/c8eXK+PNllPvmjgAbfnsbpkGZWy8cBpn9w==}
    engines: {node: '>=4'}
    dev: false

  /redis-parser@3.0.0:
    resolution: {integrity: sha512-DJnGAeenTdpMEH6uAJRK/uiyEIH9WVsUmoLwzudwGJUwZPp80PDBWPHXSAGNPwNvIXAbe7MSUB1zQFugFml66A==}
    engines: {node: '>=4'}
    dependencies:
      redis-errors: 1.2.0
    dev: false

  /resolve@1.22.8:
    resolution: {integrity: sha512-oKWePCxqpd6FlLvGV1VU0x7bkPmmCNolxzjMf4NczoDnQcIWrAF+cPtZn5i6n+RfD2d9i0tzpKnG6Yk168yIyw==}
    hasBin: true
    dependencies:
      is-core-module: 2.13.1
      path-parse: 1.0.7
      supports-preserve-symlinks-flag: 1.0.0
    dev: true

  /reusify@1.0.4:
    resolution: {integrity: sha512-U9nH88a3fc/ekCF1l0/UP1IosiuIjyTh7hBvXVMHYgVcfGvt897Xguj2UOLDeI5BG2m7/uwyaLVT6fbtCwTyzw==}
    engines: {iojs: '>=1.0.0', node: '>=0.10.0'}
    dev: true

  /rimraf@2.7.1:
    resolution: {integrity: sha512-uWjbaKIK3T1OSVptzX7Nl6PvQ3qAGtKEtVRjRuazjfL3Bx5eI409VZSqgND+4UNnmzLVdPj9FqFJNPqBZFve4w==}
    hasBin: true
    dependencies:
      glob: 7.2.3
    dev: true

  /run-parallel@1.2.0:
    resolution: {integrity: sha512-5l4VyZR86LZ/lDxZTR6jqL8AFE2S0IFLMP26AbjsLVADxHdhB/c0GUsH+y39UfCi3dzz8OlQuPmnaJOMoDHQBA==}
    dependencies:
      queue-microtask: 1.2.3
    dev: true

  /semver@7.5.4:
    resolution: {integrity: sha512-1bCSESV6Pv+i21Hvpxp3Dx+pSD8lIPt8uVjRrxAUt/nbswYc+tK6Y2btiULjd4+fnq15PX+nqQDC7Oft7WkwcA==}
    engines: {node: '>=10'}
    hasBin: true
    dependencies:
      lru-cache: 6.0.0
    dev: false

  /slash@3.0.0:
    resolution: {integrity: sha512-g9Q1haeby36OSStwb4ntCGGGaKsaVSjQ68fBxoQcutl5fS1vuY18H3wSt3jFyFtrkx+Kz0V1G85A4MyAdDMi2Q==}
    engines: {node: '>=8'}
    dev: true

  /source-map-support@0.5.21:
    resolution: {integrity: sha512-uBHU3L3czsIyYXKX88fdrGovxdSCoTGDRZ6SYXtSRxLZUzHg5P/66Ht6uoUlHu9EZod+inXhKo3qQgwXUT/y1w==}
    dependencies:
      buffer-from: 1.1.2
      source-map: 0.6.1
    dev: true

  /source-map@0.6.1:
    resolution: {integrity: sha512-UjgapumWlbMhkBgzT7Ykc5YXUT46F0iKu8SGXq0bcwP5dz/h0Plj6enJqjz1Zbq2l5WaqYnrVbwWOWMyF3F47g==}
    engines: {node: '>=0.10.0'}
    dev: true

  /standard-as-callback@2.1.0:
    resolution: {integrity: sha512-qoRRSyROncaz1z0mvYqIE4lCd9p2R90i6GxW3uZv5ucSu8tU7B5HXUP1gG8pVZsYNVaXjk8ClXHPttLyxAL48A==}
    dev: false

  /strip-bom@3.0.0:
    resolution: {integrity: sha512-vavAMRXOgBVNF6nyEEmL3DBK19iRpDcoIwW+swQ+CbGiu7lju6t+JklA1MHweoWtadgt4ISVUsXLyDq34ddcwA==}
    engines: {node: '>=4'}
    dev: true

  /strip-json-comments@2.0.1:
    resolution: {integrity: sha512-4gB8na07fecVVkOI6Rs4e7T6NOTki5EmL7TUduTs6bu3EdnSycntVJ4re8kgZA+wx9IueI2Y11bfbgwtzuE0KQ==}
    engines: {node: '>=0.10.0'}
    dev: true

  /supports-preserve-symlinks-flag@1.0.0:
    resolution: {integrity: sha512-ot0WnXS9fgdkgIcePe6RHNk1WA8+muPa6cSjeR3V8K27q9BB1rTE3R1p7Hv0z1ZyAc8s6Vvv8DIyWf681MAt0w==}
    engines: {node: '>= 0.4'}
    dev: true

  /to-regex-range@5.0.1:
    resolution: {integrity: sha512-65P7iz6X5yEr1cwcgvQxbbIw7Uk3gOy5dIdtZ4rDveLqhrdJP+Li/Hx6tyK0NEb+2GCyneCMJiGqrADCSNk8sQ==}
    engines: {node: '>=8.0'}
    dependencies:
      is-number: 7.0.0
    dev: true

  /tree-kill@1.2.2:
    resolution: {integrity: sha512-L0Orpi8qGpRG//Nd+H90vFB+3iHnue1zSSGmNOOCh1GLJ7rUKVwV2HvijphGQS2UmhUZewS9VgvxYIdgr+fG1A==}
    hasBin: true
    dev: true

  /ts-mixer@6.0.3:
    resolution: {integrity: sha512-k43M7uCG1AkTyxgnmI5MPwKoUvS/bRvLvUb7+Pgpdlmok8AoqmUaZxUUw8zKM5B1lqZrt41GjYgnvAi0fppqgQ==}
    dev: false

  /ts-node-dev@2.0.0(@types/node@20.10.4)(typescript@5.3.3):
    resolution: {integrity: sha512-ywMrhCfH6M75yftYvrvNarLEY+SUXtUvU8/0Z6llrHQVBx12GiFk5sStF8UdfE/yfzk9IAq7O5EEbTQsxlBI8w==}
    engines: {node: '>=0.8.0'}
    hasBin: true
    peerDependencies:
      node-notifier: '*'
      typescript: '*'
    peerDependenciesMeta:
      node-notifier:
        optional: true
    dependencies:
      chokidar: 3.5.3
      dynamic-dedupe: 0.3.0
      minimist: 1.2.8
      mkdirp: 1.0.4
      resolve: 1.22.8
      rimraf: 2.7.1
      source-map-support: 0.5.21
      tree-kill: 1.2.2
      ts-node: 10.9.2(@types/node@20.10.4)(typescript@5.3.3)
      tsconfig: 7.0.0
      typescript: 5.3.3
    transitivePeerDependencies:
      - '@swc/core'
      - '@swc/wasm'
      - '@types/node'
    dev: true

  /ts-node@10.9.2(@types/node@20.10.4)(typescript@5.3.3):
    resolution: {integrity: sha512-f0FFpIdcHgn8zcPSbf1dRevwt047YMnaiJM3u2w2RewrB+fob/zePZcrOyQoLMMO7aBIddLcQIEK5dYjkLnGrQ==}
    hasBin: true
    peerDependencies:
      '@swc/core': '>=1.2.50'
      '@swc/wasm': '>=1.2.50'
      '@types/node': '*'
      typescript: '>=2.7'
    peerDependenciesMeta:
      '@swc/core':
        optional: true
      '@swc/wasm':
        optional: true
    dependencies:
      '@cspotcode/source-map-support': 0.8.1
      '@tsconfig/node10': 1.0.9
      '@tsconfig/node12': 1.0.11
      '@tsconfig/node14': 1.0.3
      '@tsconfig/node16': 1.0.4
      '@types/node': 20.10.4
      acorn: 8.11.2
      acorn-walk: 8.3.1
      arg: 4.1.3
      create-require: 1.1.1
      diff: 4.0.2
      make-error: 1.3.6
      typescript: 5.3.3
      v8-compile-cache-lib: 3.0.1
      yn: 3.1.1
    dev: true

  /tsc-alias@1.8.8:
    resolution: {integrity: sha512-OYUOd2wl0H858NvABWr/BoSKNERw3N9GTi3rHPK8Iv4O1UyUXIrTTOAZNHsjlVpXFOhpJBVARI1s+rzwLivN3Q==}
    hasBin: true
    dependencies:
      chokidar: 3.5.3
      commander: 9.5.0
      globby: 11.1.0
      mylas: 2.1.13
      normalize-path: 3.0.0
      plimit-lit: 1.6.1
    dev: true

  /tsconfig-paths@4.2.0:
    resolution: {integrity: sha512-NoZ4roiN7LnbKn9QqE1amc9DJfzvZXxF4xDavcOWt1BPkdx+m+0gJuPM+S0vCe7zTJMYUP0R8pO2XMr+Y8oLIg==}
    engines: {node: '>=6'}
    dependencies:
      json5: 2.2.3
      minimist: 1.2.8
      strip-bom: 3.0.0
    dev: true

  /tsconfig@7.0.0:
    resolution: {integrity: sha512-vZXmzPrL+EmC4T/4rVlT2jNVMWCi/O4DIiSj3UHg1OE5kCKbk4mfrXc6dZksLgRM/TZlKnousKH9bbTazUWRRw==}
    dependencies:
      '@types/strip-bom': 3.0.0
      '@types/strip-json-comments': 0.0.30
      strip-bom: 3.0.0
      strip-json-comments: 2.0.1
    dev: true

  /tslib@2.6.2:
    resolution: {integrity: sha512-AEYxH93jGFPn/a2iVAwW87VuUIkR1FVUKB77NwMF7nBTDkDrrT/Hpt/IrCJ0QXhW27jTBDcf5ZY7w6RiqTMw2Q==}
    dev: false

  /typescript@5.3.3:
    resolution: {integrity: sha512-pXWcraxM0uxAS+tN0AG/BF2TyqmHO014Z070UsJ+pFvYuRSq8KH8DmWpnbXe0pEPDHXZV3FcAbJkijJ5oNEnWw==}
    engines: {node: '>=14.17'}
    hasBin: true
    dev: true

  /undici-types@5.26.5:
    resolution: {integrity: sha512-JlCMO+ehdEIKqlFxk6IfVoAUVmgz7cU7zD/h9XZ0qzeosSHmUJVOzSQvvYSYWXkFXC+IfLKSIffhv0sVZup6pA==}

  /undici@5.27.2:
    resolution: {integrity: sha512-iS857PdOEy/y3wlM3yRp+6SNQQ6xU0mmZcwRSriqk+et/cwWAtwmIGf6WkoDN2EK/AMdCO/dfXzIwi+rFMrjjQ==}
    engines: {node: '>=14.0'}
    dependencies:
      '@fastify/busboy': 2.1.0
    dev: false

  /uuid@9.0.1:
    resolution: {integrity: sha512-b+1eJOlsR9K8HJpow9Ok3fiWOWSIcIzXodvv0rQjVoOVNpWMpxf1wZNpt4y9h10odCNrqnYp1OBzRktckBe3sA==}
    hasBin: true
    dev: false

  /v8-compile-cache-lib@3.0.1:
    resolution: {integrity: sha512-wa7YjyUGfNZngI/vtK0UHAN+lgDCxBPCylVXGp0zu59Fz5aiGtNXaq3DhIov063MorB+VfufLh3JlF2KdTK3xg==}
    dev: true

  /wrappy@1.0.2:
    resolution: {integrity: sha512-l4Sp/DRseor9wL6EvV2+TuQn63dMkPjZ/sp9XkghTEbV9KlPS1xUsZ3u7/IQO4wxtcFB4bgpQPRcR3QCvezPcQ==}

  /ws@8.14.2:
    resolution: {integrity: sha512-wEBG1ftX4jcglPxgFCMJmZ2PLtSbJ2Peg6TmpJFTbe9GZYOQCDPdMYu/Tm0/bGZkw8paZnJY45J4K2PZrLYq8g==}
    engines: {node: '>=10.0.0'}
    peerDependencies:
      bufferutil: ^4.0.1
      utf-8-validate: '>=5.0.2'
    peerDependenciesMeta:
      bufferutil:
        optional: true
      utf-8-validate:
        optional: true
    dev: false

  /xtend@4.0.2:
    resolution: {integrity: sha512-LKYU1iAXJXUgAXn9URjiu+MWhyUXHsvfp7mcuYm9dSUKK0/CjtrUwFAxD82/mCWbtLsGjFIad0wIsod4zrTAEQ==}
    engines: {node: '>=0.4'}
    dev: true

  /yallist@4.0.0:
    resolution: {integrity: sha512-3wdGidZyq5PB084XLES5TpOSRA3wjXAlIWMhum2kRcv/41Sn2emQ0dycQW4uZXLejwKvg6EsvbdlVL+FYEct7A==}
    dev: false

  /yn@3.1.1:
    resolution: {integrity: sha512-Ux4ygGWsu2c7isFWe8Yu1YluJmqVhxqK2cLXNQA5AcC3QfbGNpM7fu0Y8b/z16pXLnFxZYvWhd3fhBY9DLmC6Q==}
    engines: {node: '>=6'}
    dev: true
